// !$*UTF8*$!
{
	archiveVersion = 1;
	classes = {
	};
	objectVersion = 51;
	objects = {

/* Begin PBXBuildFile section */
		83279E4E24AD031400CE3B48 /* AppDelegate.swift in Sources */ = {isa = PBXBuildFile; fileRef = 83279E4D24AD031400CE3B48 /* AppDelegate.swift */; };
		83279E5024AD031400CE3B48 /* SceneDelegate.swift in Sources */ = {isa = PBXBuildFile; fileRef = 83279E4F24AD031400CE3B48 /* SceneDelegate.swift */; };
		83279E5524AD031400CE3B48 /* Main.storyboard in Resources */ = {isa = PBXBuildFile; fileRef = 83279E5324AD031400CE3B48 /* Main.storyboard */; };
		83279E5724AD031900CE3B48 /* Assets.xcassets in Resources */ = {isa = PBXBuildFile; fileRef = 83279E5624AD031900CE3B48 /* Assets.xcassets */; };
		83279E5A24AD031900CE3B48 /* LaunchScreen.storyboard in Resources */ = {isa = PBXBuildFile; fileRef = 83279E5824AD031900CE3B48 /* LaunchScreen.storyboard */; };
		83279E6824AD037000CE3B48 /* HomeScreenPresenter.swift in Sources */ = {isa = PBXBuildFile; fileRef = 83279E6324AD037000CE3B48 /* HomeScreenPresenter.swift */; };
		83279E6924AD037000CE3B48 /* HomeScreenViewController.swift in Sources */ = {isa = PBXBuildFile; fileRef = 83279E6424AD037000CE3B48 /* HomeScreenViewController.swift */; };
		83279E6A24AD037000CE3B48 /* HomeScreenProtocols.swift in Sources */ = {isa = PBXBuildFile; fileRef = 83279E6524AD037000CE3B48 /* HomeScreenProtocols.swift */; };
		83279E6B24AD037000CE3B48 /* HomeScreenInteractor.swift in Sources */ = {isa = PBXBuildFile; fileRef = 83279E6624AD037000CE3B48 /* HomeScreenInteractor.swift */; };
		83279E6C24AD037000CE3B48 /* HomeScreenWireframe.swift in Sources */ = {isa = PBXBuildFile; fileRef = 83279E6724AD037000CE3B48 /* HomeScreenWireframe.swift */; };
		83279E7224AD038D00CE3B48 /* BasePresenter.swift in Sources */ = {isa = PBXBuildFile; fileRef = 83279E6D24AD038D00CE3B48 /* BasePresenter.swift */; };
		83279E7324AD038D00CE3B48 /* BaseViewController.swift in Sources */ = {isa = PBXBuildFile; fileRef = 83279E6E24AD038D00CE3B48 /* BaseViewController.swift */; };
		83279E7424AD038D00CE3B48 /* BaseProtocols.swift in Sources */ = {isa = PBXBuildFile; fileRef = 83279E6F24AD038D00CE3B48 /* BaseProtocols.swift */; };
		83279E7524AD038D00CE3B48 /* BaseInteractor.swift in Sources */ = {isa = PBXBuildFile; fileRef = 83279E7024AD038D00CE3B48 /* BaseInteractor.swift */; };
		83279E7624AD038D00CE3B48 /* BaseWireframe.swift in Sources */ = {isa = PBXBuildFile; fileRef = 83279E7124AD038D00CE3B48 /* BaseWireframe.swift */; };
		83279E7A24AD05A500CE3B48 /* NetworkService.swift in Sources */ = {isa = PBXBuildFile; fileRef = 83279E7924AD05A500CE3B48 /* NetworkService.swift */; };
		83279E7D24AD067500CE3B48 /* StoryBoard+Extensions.swift in Sources */ = {isa = PBXBuildFile; fileRef = 83279E7C24AD067500CE3B48 /* StoryBoard+Extensions.swift */; };
		83279E8024AF8B4F00CE3B48 /* LocationModel.swift in Sources */ = {isa = PBXBuildFile; fileRef = 83279E7F24AF8B4F00CE3B48 /* LocationModel.swift */; };
		83279E8724AFC14200CE3B48 /* DetailScreenPresenter.swift in Sources */ = {isa = PBXBuildFile; fileRef = 83279E8224AFC14200CE3B48 /* DetailScreenPresenter.swift */; };
		83279E8824AFC14200CE3B48 /* DetailScreenViewController.swift in Sources */ = {isa = PBXBuildFile; fileRef = 83279E8324AFC14200CE3B48 /* DetailScreenViewController.swift */; };
		83279E8924AFC14200CE3B48 /* DetailScreenProtocols.swift in Sources */ = {isa = PBXBuildFile; fileRef = 83279E8424AFC14200CE3B48 /* DetailScreenProtocols.swift */; };
		83279E8A24AFC14200CE3B48 /* DetailScreenInteractor.swift in Sources */ = {isa = PBXBuildFile; fileRef = 83279E8524AFC14200CE3B48 /* DetailScreenInteractor.swift */; };
		83279E8B24AFC14200CE3B48 /* DetailScreenWireframe.swift in Sources */ = {isa = PBXBuildFile; fileRef = 83279E8624AFC14200CE3B48 /* DetailScreenWireframe.swift */; };
		83279E8D24AFC56200CE3B48 /* DetailTableViewCell.swift in Sources */ = {isa = PBXBuildFile; fileRef = 83279E8C24AFC56100CE3B48 /* DetailTableViewCell.swift */; };
		83349BA324B0D9F800D73245 /* Constants.swift in Sources */ = {isa = PBXBuildFile; fileRef = 83349BA224B0D9F800D73245 /* Constants.swift */; };
		A0FB8DB54FD2778D77C48FFD /* Pods_MapApp.framework in Frameworks */ = {isa = PBXBuildFile; fileRef = B5220484F9A2CC395AE682F0 /* Pods_MapApp.framework */; };
/* End PBXBuildFile section */

/* Begin PBXFileReference section */
		58F663B071E8C69C61DB2609 /* Pods-MapApp.debug.xcconfig */ = {isa = PBXFileReference; includeInIndex = 1; lastKnownFileType = text.xcconfig; name = "Pods-MapApp.debug.xcconfig"; path = "Target Support Files/Pods-MapApp/Pods-MapApp.debug.xcconfig"; sourceTree = "<group>"; };
		83279E4A24AD031400CE3B48 /* MapApp.app */ = {isa = PBXFileReference; explicitFileType = wrapper.application; includeInIndex = 0; path = MapApp.app; sourceTree = BUILT_PRODUCTS_DIR; };
		83279E4D24AD031400CE3B48 /* AppDelegate.swift */ = {isa = PBXFileReference; lastKnownFileType = sourcecode.swift; path = AppDelegate.swift; sourceTree = "<group>"; };
		83279E4F24AD031400CE3B48 /* SceneDelegate.swift */ = {isa = PBXFileReference; lastKnownFileType = sourcecode.swift; path = SceneDelegate.swift; sourceTree = "<group>"; };
		83279E5424AD031400CE3B48 /* Base */ = {isa = PBXFileReference; lastKnownFileType = file.storyboard; name = Base; path = Base.lproj/Main.storyboard; sourceTree = "<group>"; };
		83279E5624AD031900CE3B48 /* Assets.xcassets */ = {isa = PBXFileReference; lastKnownFileType = folder.assetcatalog; path = Assets.xcassets; sourceTree = "<group>"; };
		83279E5924AD031900CE3B48 /* Base */ = {isa = PBXFileReference; lastKnownFileType = file.storyboard; name = Base; path = Base.lproj/LaunchScreen.storyboard; sourceTree = "<group>"; };
		83279E5B24AD031900CE3B48 /* Info.plist */ = {isa = PBXFileReference; lastKnownFileType = text.plist.xml; path = Info.plist; sourceTree = "<group>"; };
		83279E6324AD037000CE3B48 /* HomeScreenPresenter.swift */ = {isa = PBXFileReference; lastKnownFileType = sourcecode.swift; path = HomeScreenPresenter.swift; sourceTree = "<group>"; };
		83279E6424AD037000CE3B48 /* HomeScreenViewController.swift */ = {isa = PBXFileReference; lastKnownFileType = sourcecode.swift; path = HomeScreenViewController.swift; sourceTree = "<group>"; };
		83279E6524AD037000CE3B48 /* HomeScreenProtocols.swift */ = {isa = PBXFileReference; lastKnownFileType = sourcecode.swift; path = HomeScreenProtocols.swift; sourceTree = "<group>"; };
		83279E6624AD037000CE3B48 /* HomeScreenInteractor.swift */ = {isa = PBXFileReference; lastKnownFileType = sourcecode.swift; path = HomeScreenInteractor.swift; sourceTree = "<group>"; };
		83279E6724AD037000CE3B48 /* HomeScreenWireframe.swift */ = {isa = PBXFileReference; lastKnownFileType = sourcecode.swift; path = HomeScreenWireframe.swift; sourceTree = "<group>"; };
		83279E6D24AD038D00CE3B48 /* BasePresenter.swift */ = {isa = PBXFileReference; lastKnownFileType = sourcecode.swift; path = BasePresenter.swift; sourceTree = "<group>"; };
		83279E6E24AD038D00CE3B48 /* BaseViewController.swift */ = {isa = PBXFileReference; lastKnownFileType = sourcecode.swift; path = BaseViewController.swift; sourceTree = "<group>"; };
		83279E6F24AD038D00CE3B48 /* BaseProtocols.swift */ = {isa = PBXFileReference; lastKnownFileType = sourcecode.swift; path = BaseProtocols.swift; sourceTree = "<group>"; };
		83279E7024AD038D00CE3B48 /* BaseInteractor.swift */ = {isa = PBXFileReference; lastKnownFileType = sourcecode.swift; path = BaseInteractor.swift; sourceTree = "<group>"; };
		83279E7124AD038D00CE3B48 /* BaseWireframe.swift */ = {isa = PBXFileReference; lastKnownFileType = sourcecode.swift; path = BaseWireframe.swift; sourceTree = "<group>"; };
		83279E7924AD05A500CE3B48 /* NetworkService.swift */ = {isa = PBXFileReference; lastKnownFileType = sourcecode.swift; path = NetworkService.swift; sourceTree = "<group>"; };
		83279E7C24AD067500CE3B48 /* StoryBoard+Extensions.swift */ = {isa = PBXFileReference; lastKnownFileType = sourcecode.swift; path = "StoryBoard+Extensions.swift"; sourceTree = "<group>"; };
		83279E7F24AF8B4F00CE3B48 /* LocationModel.swift */ = {isa = PBXFileReference; lastKnownFileType = sourcecode.swift; path = LocationModel.swift; sourceTree = "<group>"; };
		83279E8224AFC14200CE3B48 /* DetailScreenPresenter.swift */ = {isa = PBXFileReference; lastKnownFileType = sourcecode.swift; path = DetailScreenPresenter.swift; sourceTree = "<group>"; };
		83279E8324AFC14200CE3B48 /* DetailScreenViewController.swift */ = {isa = PBXFileReference; lastKnownFileType = sourcecode.swift; path = DetailScreenViewController.swift; sourceTree = "<group>"; };
		83279E8424AFC14200CE3B48 /* DetailScreenProtocols.swift */ = {isa = PBXFileReference; lastKnownFileType = sourcecode.swift; path = DetailScreenProtocols.swift; sourceTree = "<group>"; };
		83279E8524AFC14200CE3B48 /* DetailScreenInteractor.swift */ = {isa = PBXFileReference; lastKnownFileType = sourcecode.swift; path = DetailScreenInteractor.swift; sourceTree = "<group>"; };
		83279E8624AFC14200CE3B48 /* DetailScreenWireframe.swift */ = {isa = PBXFileReference; lastKnownFileType = sourcecode.swift; path = DetailScreenWireframe.swift; sourceTree = "<group>"; };
		83279E8C24AFC56100CE3B48 /* DetailTableViewCell.swift */ = {isa = PBXFileReference; lastKnownFileType = sourcecode.swift; path = DetailTableViewCell.swift; sourceTree = "<group>"; };
		83349BA224B0D9F800D73245 /* Constants.swift */ = {isa = PBXFileReference; lastKnownFileType = sourcecode.swift; path = Constants.swift; sourceTree = "<group>"; };
		B5220484F9A2CC395AE682F0 /* Pods_MapApp.framework */ = {isa = PBXFileReference; explicitFileType = wrapper.framework; includeInIndex = 0; path = Pods_MapApp.framework; sourceTree = BUILT_PRODUCTS_DIR; };
		E28D68A93D9E3438E2BC8617 /* Pods-MapApp.release.xcconfig */ = {isa = PBXFileReference; includeInIndex = 1; lastKnownFileType = text.xcconfig; name = "Pods-MapApp.release.xcconfig"; path = "Target Support Files/Pods-MapApp/Pods-MapApp.release.xcconfig"; sourceTree = "<group>"; };
/* End PBXFileReference section */

/* Begin PBXFrameworksBuildPhase section */
		83279E4724AD031400CE3B48 /* Frameworks */ = {
			isa = PBXFrameworksBuildPhase;
			buildActionMask = 2147483647;
			files = (
				A0FB8DB54FD2778D77C48FFD /* Pods_MapApp.framework in Frameworks */,
			);
			runOnlyForDeploymentPostprocessing = 0;
		};
/* End PBXFrameworksBuildPhase section */

/* Begin PBXGroup section */
		7383D486A26C0256C40EA1BF /* Pods */ = {
			isa = PBXGroup;
			children = (
				58F663B071E8C69C61DB2609 /* Pods-MapApp.debug.xcconfig */,
				E28D68A93D9E3438E2BC8617 /* Pods-MapApp.release.xcconfig */,
			);
			path = Pods;
			sourceTree = "<group>";
		};
		83279E4124AD031400CE3B48 = {
			isa = PBXGroup;
			children = (
				83279E4C24AD031400CE3B48 /* MapApp */,
				83279E4B24AD031400CE3B48 /* Products */,
				7383D486A26C0256C40EA1BF /* Pods */,
				A556D0DBC88682EE3307664A /* Frameworks */,
			);
			sourceTree = "<group>";
		};
		83279E4B24AD031400CE3B48 /* Products */ = {
			isa = PBXGroup;
			children = (
				83279E4A24AD031400CE3B48 /* MapApp.app */,
			);
			name = Products;
			sourceTree = "<group>";
		};
		83279E4C24AD031400CE3B48 /* MapApp */ = {
			isa = PBXGroup;
			children = (
				83279E7724AD057E00CE3B48 /* Utils */,
				83279E6224AD034C00CE3B48 /* Base */,
				83279E8124AFC11D00CE3B48 /* Detail Screen */,
				83279E6124AD033F00CE3B48 /* Home Screen */,
				83279E4D24AD031400CE3B48 /* AppDelegate.swift */,
				83279E4F24AD031400CE3B48 /* SceneDelegate.swift */,
				83279E5324AD031400CE3B48 /* Main.storyboard */,
				83279E5624AD031900CE3B48 /* Assets.xcassets */,
				83279E5824AD031900CE3B48 /* LaunchScreen.storyboard */,
				83279E5B24AD031900CE3B48 /* Info.plist */,
			);
			path = MapApp;
			sourceTree = "<group>";
		};
		83279E6124AD033F00CE3B48 /* Home Screen */ = {
			isa = PBXGroup;
			children = (
				83279E6324AD037000CE3B48 /* HomeScreenPresenter.swift */,
				83279E6424AD037000CE3B48 /* HomeScreenViewController.swift */,
				83279E6524AD037000CE3B48 /* HomeScreenProtocols.swift */,
				83279E6624AD037000CE3B48 /* HomeScreenInteractor.swift */,
				83279E6724AD037000CE3B48 /* HomeScreenWireframe.swift */,
			);
			path = "Home Screen";
			sourceTree = "<group>";
		};
		83279E6224AD034C00CE3B48 /* Base */ = {
			isa = PBXGroup;
			children = (
				83279E6D24AD038D00CE3B48 /* BasePresenter.swift */,
				83279E6E24AD038D00CE3B48 /* BaseViewController.swift */,
				83279E6F24AD038D00CE3B48 /* BaseProtocols.swift */,
				83279E7024AD038D00CE3B48 /* BaseInteractor.swift */,
				83279E7124AD038D00CE3B48 /* BaseWireframe.swift */,
			);
			path = Base;
			sourceTree = "<group>";
		};
		83279E7724AD057E00CE3B48 /* Utils */ = {
			isa = PBXGroup;
			children = (
				83349BA124B0D9E000D73245 /* Constants */,
				83279E7B24AD066600CE3B48 /* Extensions */,
				83279E7824AD059900CE3B48 /* Network */,
			);
			path = Utils;
			sourceTree = "<group>";
		};
		83279E7824AD059900CE3B48 /* Network */ = {
			isa = PBXGroup;
			children = (
				83279E7E24AF8B3400CE3B48 /* Models */,
				83279E7924AD05A500CE3B48 /* NetworkService.swift */,
			);
			path = Network;
			sourceTree = "<group>";
		};
		83279E7B24AD066600CE3B48 /* Extensions */ = {
			isa = PBXGroup;
			children = (
				83279E7C24AD067500CE3B48 /* StoryBoard+Extensions.swift */,
			);
			path = Extensions;
			sourceTree = "<group>";
		};
		83279E7E24AF8B3400CE3B48 /* Models */ = {
			isa = PBXGroup;
			children = (
				83279E7F24AF8B4F00CE3B48 /* LocationModel.swift */,
			);
			path = Models;
			sourceTree = "<group>";
		};
		83279E8124AFC11D00CE3B48 /* Detail Screen */ = {
			isa = PBXGroup;
			children = (
				83279E8224AFC14200CE3B48 /* DetailScreenPresenter.swift */,
				83279E8324AFC14200CE3B48 /* DetailScreenViewController.swift */,
				83279E8424AFC14200CE3B48 /* DetailScreenProtocols.swift */,
				83279E8524AFC14200CE3B48 /* DetailScreenInteractor.swift */,
				83279E8624AFC14200CE3B48 /* DetailScreenWireframe.swift */,
				83279E8C24AFC56100CE3B48 /* DetailTableViewCell.swift */,
			);
			path = "Detail Screen";
			sourceTree = "<group>";
		};
		83349BA124B0D9E000D73245 /* Constants */ = {
			isa = PBXGroup;
			children = (
				83349BA224B0D9F800D73245 /* Constants.swift */,
			);
			path = Constants;
			sourceTree = "<group>";
		};
		A556D0DBC88682EE3307664A /* Frameworks */ = {
			isa = PBXGroup;
			children = (
				B5220484F9A2CC395AE682F0 /* Pods_MapApp.framework */,
			);
			name = Frameworks;
			sourceTree = "<group>";
		};
/* End PBXGroup section */

/* Begin PBXNativeTarget section */
		83279E4924AD031400CE3B48 /* MapApp */ = {
			isa = PBXNativeTarget;
			buildConfigurationList = 83279E5E24AD031900CE3B48 /* Build configuration list for PBXNativeTarget "MapApp" */;
			buildPhases = (
				67D55E1749E8724992D8F366 /* [CP] Check Pods Manifest.lock */,
				83279E4624AD031400CE3B48 /* Sources */,
				83279E4724AD031400CE3B48 /* Frameworks */,
				83279E4824AD031400CE3B48 /* Resources */,
				F94C216991F4F283A7C7B5EA /* [CP] Embed Pods Frameworks */,
				D87167EEB7138238AEF879FF /* [CP] Copy Pods Resources */,
			);
			buildRules = (
			);
			dependencies = (
			);
			name = MapApp;
			productName = MapApp;
			productReference = 83279E4A24AD031400CE3B48 /* MapApp.app */;
			productType = "com.apple.product-type.application";
		};
/* End PBXNativeTarget section */

/* Begin PBXProject section */
		83279E4224AD031400CE3B48 /* Project object */ = {
			isa = PBXProject;
			attributes = {
				LastSwiftUpdateCheck = 1150;
				LastUpgradeCheck = 1150;
				ORGANIZATIONNAME = canbas;
				TargetAttributes = {
					83279E4924AD031400CE3B48 = {
						CreatedOnToolsVersion = 11.5;
					};
				};
			};
			buildConfigurationList = 83279E4524AD031400CE3B48 /* Build configuration list for PBXProject "MapApp" */;
			compatibilityVersion = "Xcode 9.3";
			developmentRegion = en;
			hasScannedForEncodings = 0;
			knownRegions = (
				en,
				Base,
			);
			mainGroup = 83279E4124AD031400CE3B48;
			productRefGroup = 83279E4B24AD031400CE3B48 /* Products */;
			projectDirPath = "";
			projectRoot = "";
			targets = (
				83279E4924AD031400CE3B48 /* MapApp */,
			);
		};
/* End PBXProject section */

/* Begin PBXResourcesBuildPhase section */
		83279E4824AD031400CE3B48 /* Resources */ = {
			isa = PBXResourcesBuildPhase;
			buildActionMask = 2147483647;
			files = (
				83279E5A24AD031900CE3B48 /* LaunchScreen.storyboard in Resources */,
				83279E5724AD031900CE3B48 /* Assets.xcassets in Resources */,
				83279E5524AD031400CE3B48 /* Main.storyboard in Resources */,
			);
			runOnlyForDeploymentPostprocessing = 0;
		};
/* End PBXResourcesBuildPhase section */

/* Begin PBXShellScriptBuildPhase section */
		67D55E1749E8724992D8F366 /* [CP] Check Pods Manifest.lock */ = {
			isa = PBXShellScriptBuildPhase;
			buildActionMask = 2147483647;
			files = (
			);
			inputFileListPaths = (
			);
			inputPaths = (
				"${PODS_PODFILE_DIR_PATH}/Podfile.lock",
				"${PODS_ROOT}/Manifest.lock",
			);
			name = "[CP] Check Pods Manifest.lock";
			outputFileListPaths = (
			);
			outputPaths = (
				"$(DERIVED_FILE_DIR)/Pods-MapApp-checkManifestLockResult.txt",
			);
			runOnlyForDeploymentPostprocessing = 0;
			shellPath = /bin/sh;
			shellScript = "diff \"${PODS_PODFILE_DIR_PATH}/Podfile.lock\" \"${PODS_ROOT}/Manifest.lock\" > /dev/null\nif [ $? != 0 ] ; then\n    # print error to STDERR\n    echo \"error: The sandbox is not in sync with the Podfile.lock. Run 'pod install' or update your CocoaPods installation.\" >&2\n    exit 1\nfi\n# This output is used by Xcode 'outputs' to avoid re-running this script phase.\necho \"SUCCESS\" > \"${SCRIPT_OUTPUT_FILE_0}\"\n";
			showEnvVarsInLog = 0;
		};
		D87167EEB7138238AEF879FF /* [CP] Copy Pods Resources */ = {
			isa = PBXShellScriptBuildPhase;
			buildActionMask = 2147483647;
			files = (
			);
			inputFileListPaths = (
				"${PODS_ROOT}/Target Support Files/Pods-MapApp/Pods-MapApp-resources-${CONFIGURATION}-input-files.xcfilelist",
			);
			name = "[CP] Copy Pods Resources";
			outputFileListPaths = (
				"${PODS_ROOT}/Target Support Files/Pods-MapApp/Pods-MapApp-resources-${CONFIGURATION}-output-files.xcfilelist",
			);
			runOnlyForDeploymentPostprocessing = 0;
			shellPath = /bin/sh;
			shellScript = "\"${PODS_ROOT}/Target Support Files/Pods-MapApp/Pods-MapApp-resources.sh\"\n";
			showEnvVarsInLog = 0;
		};
		F94C216991F4F283A7C7B5EA /* [CP] Embed Pods Frameworks */ = {
			isa = PBXShellScriptBuildPhase;
			buildActionMask = 2147483647;
			files = (
			);
			inputFileListPaths = (
				"${PODS_ROOT}/Target Support Files/Pods-MapApp/Pods-MapApp-frameworks-${CONFIGURATION}-input-files.xcfilelist",
			);
			name = "[CP] Embed Pods Frameworks";
			outputFileListPaths = (
				"${PODS_ROOT}/Target Support Files/Pods-MapApp/Pods-MapApp-frameworks-${CONFIGURATION}-output-files.xcfilelist",
			);
			runOnlyForDeploymentPostprocessing = 0;
			shellPath = /bin/sh;
			shellScript = "\"${PODS_ROOT}/Target Support Files/Pods-MapApp/Pods-MapApp-frameworks.sh\"\n";
			showEnvVarsInLog = 0;
		};
/* End PBXShellScriptBuildPhase section */

/* Begin PBXSourcesBuildPhase section */
		83279E4624AD031400CE3B48 /* Sources */ = {
			isa = PBXSourcesBuildPhase;
			buildActionMask = 2147483647;
			files = (
				83279E6B24AD037000CE3B48 /* HomeScreenInteractor.swift in Sources */,
				83349BA324B0D9F800D73245 /* Constants.swift in Sources */,
				83279E8724AFC14200CE3B48 /* DetailScreenPresenter.swift in Sources */,
				83279E7224AD038D00CE3B48 /* BasePresenter.swift in Sources */,
				83279E7624AD038D00CE3B48 /* BaseWireframe.swift in Sources */,
				83279E6824AD037000CE3B48 /* HomeScreenPresenter.swift in Sources */,
				83279E7424AD038D00CE3B48 /* BaseProtocols.swift in Sources */,
				83279E7A24AD05A500CE3B48 /* NetworkService.swift in Sources */,
				83279E7D24AD067500CE3B48 /* StoryBoard+Extensions.swift in Sources */,
				83279E7524AD038D00CE3B48 /* BaseInteractor.swift in Sources */,
				83279E8D24AFC56200CE3B48 /* DetailTableViewCell.swift in Sources */,
				83279E8824AFC14200CE3B48 /* DetailScreenViewController.swift in Sources */,
				83279E4E24AD031400CE3B48 /* AppDelegate.swift in Sources */,
				83279E8B24AFC14200CE3B48 /* DetailScreenWireframe.swift in Sources */,
				83279E8A24AFC14200CE3B48 /* DetailScreenInteractor.swift in Sources */,
				83279E7324AD038D00CE3B48 /* BaseViewController.swift in Sources */,
				83279E5024AD031400CE3B48 /* SceneDelegate.swift in Sources */,
				83279E6A24AD037000CE3B48 /* HomeScreenProtocols.swift in Sources */,
				83279E8924AFC14200CE3B48 /* DetailScreenProtocols.swift in Sources */,
				83279E6924AD037000CE3B48 /* HomeScreenViewController.swift in Sources */,
				83279E8024AF8B4F00CE3B48 /* LocationModel.swift in Sources */,
				83279E6C24AD037000CE3B48 /* HomeScreenWireframe.swift in Sources */,
			);
			runOnlyForDeploymentPostprocessing = 0;
		};
/* End PBXSourcesBuildPhase section */

/* Begin PBXVariantGroup section */
		83279E5324AD031400CE3B48 /* Main.storyboard */ = {
			isa = PBXVariantGroup;
			children = (
				83279E5424AD031400CE3B48 /* Base */,
			);
			name = Main.storyboard;
			sourceTree = "<group>";
		};
		83279E5824AD031900CE3B48 /* LaunchScreen.storyboard */ = {
			isa = PBXVariantGroup;
			children = (
				83279E5924AD031900CE3B48 /* Base */,
			);
			name = LaunchScreen.storyboard;
			sourceTree = "<group>";
		};
/* End PBXVariantGroup section */

/* Begin XCBuildConfiguration section */
		83279E5C24AD031900CE3B48 /* Debug */ = {
			isa = XCBuildConfiguration;
			buildSettings = {
				ALWAYS_SEARCH_USER_PATHS = NO;
				CLANG_ANALYZER_NONNULL = YES;
				CLANG_ANALYZER_NUMBER_OBJECT_CONVERSION = YES_AGGRESSIVE;
				CLANG_CXX_LANGUAGE_STANDARD = "gnu++14";
				CLANG_CXX_LIBRARY = "libc++";
				CLANG_ENABLE_MODULES = YES;
				CLANG_ENABLE_OBJC_ARC = YES;
				CLANG_ENABLE_OBJC_WEAK = YES;
				CLANG_WARN_BLOCK_CAPTURE_AUTORELEASING = YES;
				CLANG_WARN_BOOL_CONVERSION = YES;
				CLANG_WARN_COMMA = YES;
				CLANG_WARN_CONSTANT_CONVERSION = YES;
				CLANG_WARN_DEPRECATED_OBJC_IMPLEMENTATIONS = YES;
				CLANG_WARN_DIRECT_OBJC_ISA_USAGE = YES_ERROR;
				CLANG_WARN_DOCUMENTATION_COMMENTS = YES;
				CLANG_WARN_EMPTY_BODY = YES;
				CLANG_WARN_ENUM_CONVERSION = YES;
				CLANG_WARN_INFINITE_RECURSION = YES;
				CLANG_WARN_INT_CONVERSION = YES;
				CLANG_WARN_NON_LITERAL_NULL_CONVERSION = YES;
				CLANG_WARN_OBJC_IMPLICIT_RETAIN_SELF = YES;
				CLANG_WARN_OBJC_LITERAL_CONVERSION = YES;
				CLANG_WARN_OBJC_ROOT_CLASS = YES_ERROR;
				CLANG_WARN_RANGE_LOOP_ANALYSIS = YES;
				CLANG_WARN_STRICT_PROTOTYPES = YES;
				CLANG_WARN_SUSPICIOUS_MOVE = YES;
				CLANG_WARN_UNGUARDED_AVAILABILITY = YES_AGGRESSIVE;
				CLANG_WARN_UNREACHABLE_CODE = YES;
				CLANG_WARN__DUPLICATE_METHOD_MATCH = YES;
				COPY_PHASE_STRIP = NO;
				DEBUG_INFORMATION_FORMAT = dwarf;
				ENABLE_STRICT_OBJC_MSGSEND = YES;
				ENABLE_TESTABILITY = YES;
				GCC_C_LANGUAGE_STANDARD = gnu11;
				GCC_DYNAMIC_NO_PIC = NO;
				GCC_NO_COMMON_BLOCKS = YES;
				GCC_OPTIMIZATION_LEVEL = 0;
				GCC_PREPROCESSOR_DEFINITIONS = (
					"DEBUG=1",
					"$(inherited)",
				);
				GCC_WARN_64_TO_32_BIT_CONVERSION = YES;
				GCC_WARN_ABOUT_RETURN_TYPE = YES_ERROR;
				GCC_WARN_UNDECLARED_SELECTOR = YES;
				GCC_WARN_UNINITIALIZED_AUTOS = YES_AGGRESSIVE;
				GCC_WARN_UNUSED_FUNCTION = YES;
				GCC_WARN_UNUSED_VARIABLE = YES;
				IPHONEOS_DEPLOYMENT_TARGET = 13.5;
				MTL_ENABLE_DEBUG_INFO = INCLUDE_SOURCE;
				MTL_FAST_MATH = YES;
				ONLY_ACTIVE_ARCH = YES;
				SDKROOT = iphoneos;
				SWIFT_ACTIVE_COMPILATION_CONDITIONS = DEBUG;
				SWIFT_OPTIMIZATION_LEVEL = "-Onone";
			};
			name = Debug;
		};
		83279E5D24AD031900CE3B48 /* Release */ = {
			isa = XCBuildConfiguration;
			buildSettings = {
				ALWAYS_SEARCH_USER_PATHS = NO;
				CLANG_ANALYZER_NONNULL = YES;
				CLANG_ANALYZER_NUMBER_OBJECT_CONVERSION = YES_AGGRESSIVE;
				CLANG_CXX_LANGUAGE_STANDARD = "gnu++14";
				CLANG_CXX_LIBRARY = "libc++";
				CLANG_ENABLE_MODULES = YES;
				CLANG_ENABLE_OBJC_ARC = YES;
				CLANG_ENABLE_OBJC_WEAK = YES;
				CLANG_WARN_BLOCK_CAPTURE_AUTORELEASING = YES;
				CLANG_WARN_BOOL_CONVERSION = YES;
				CLANG_WARN_COMMA = YES;
				CLANG_WARN_CONSTANT_CONVERSION = YES;
				CLANG_WARN_DEPRECATED_OBJC_IMPLEMENTATIONS = YES;
				CLANG_WARN_DIRECT_OBJC_ISA_USAGE = YES_ERROR;
				CLANG_WARN_DOCUMENTATION_COMMENTS = YES;
				CLANG_WARN_EMPTY_BODY = YES;
				CLANG_WARN_ENUM_CONVERSION = YES;
				CLANG_WARN_INFINITE_RECURSION = YES;
				CLANG_WARN_INT_CONVERSION = YES;
				CLANG_WARN_NON_LITERAL_NULL_CONVERSION = YES;
				CLANG_WARN_OBJC_IMPLICIT_RETAIN_SELF = YES;
				CLANG_WARN_OBJC_LITERAL_CONVERSION = YES;
				CLANG_WARN_OBJC_ROOT_CLASS = YES_ERROR;
				CLANG_WARN_RANGE_LOOP_ANALYSIS = YES;
				CLANG_WARN_STRICT_PROTOTYPES = YES;
				CLANG_WARN_SUSPICIOUS_MOVE = YES;
				CLANG_WARN_UNGUARDED_AVAILABILITY = YES_AGGRESSIVE;
				CLANG_WARN_UNREACHABLE_CODE = YES;
				CLANG_WARN__DUPLICATE_METHOD_MATCH = YES;
				COPY_PHASE_STRIP = NO;
				DEBUG_INFORMATION_FORMAT = "dwarf-with-dsym";
				ENABLE_NS_ASSERTIONS = NO;
				ENABLE_STRICT_OBJC_MSGSEND = YES;
				GCC_C_LANGUAGE_STANDARD = gnu11;
				GCC_NO_COMMON_BLOCKS = YES;
				GCC_WARN_64_TO_32_BIT_CONVERSION = YES;
				GCC_WARN_ABOUT_RETURN_TYPE = YES_ERROR;
				GCC_WARN_UNDECLARED_SELECTOR = YES;
				GCC_WARN_UNINITIALIZED_AUTOS = YES_AGGRESSIVE;
				GCC_WARN_UNUSED_FUNCTION = YES;
				GCC_WARN_UNUSED_VARIABLE = YES;
				IPHONEOS_DEPLOYMENT_TARGET = 13.5;
				MTL_ENABLE_DEBUG_INFO = NO;
				MTL_FAST_MATH = YES;
				SDKROOT = iphoneos;
				SWIFT_COMPILATION_MODE = wholemodule;
				SWIFT_OPTIMIZATION_LEVEL = "-O";
				VALIDATE_PRODUCT = YES;
			};
			name = Release;
		};
		83279E5F24AD031900CE3B48 /* Debug */ = {
			isa = XCBuildConfiguration;
			baseConfigurationReference = 58F663B071E8C69C61DB2609 /* Pods-MapApp.debug.xcconfig */;
			buildSettings = {
				ASSETCATALOG_COMPILER_APPICON_NAME = AppIcon;
				CODE_SIGN_STYLE = Automatic;
				DEVELOPMENT_TEAM = NTK42KH9H3;
				INFOPLIST_FILE = MapApp/Info.plist;
				LD_RUNPATH_SEARCH_PATHS = (
					"$(inherited)",
					"@executable_path/Frameworks",
				);
				PRODUCT_BUNDLE_IDENTIFIER = com.canbas.MapApp;
				PRODUCT_NAME = "$(TARGET_NAME)";
				SWIFT_VERSION = 5.0;
				TARGETED_DEVICE_FAMILY = "1,2";
			};
			name = Debug;
		};
		83279E6024AD031900CE3B48 /* Release */ = {
			isa = XCBuildConfiguration;
			baseConfigurationReference = E28D68A93D9E3438E2BC8617 /* Pods-MapApp.release.xcconfig */;
			buildSettings = {
				ASSETCATALOG_COMPILER_APPICON_NAME = AppIcon;
				CODE_SIGN_STYLE = Automatic;
				DEVELOPMENT_TEAM = NTK42KH9H3;
				INFOPLIST_FILE = MapApp/Info.plist;
				LD_RUNPATH_SEARCH_PATHS = (
					"$(inherited)",
					"@executable_path/Frameworks",
				);
				PRODUCT_BUNDLE_IDENTIFIER = com.canbas.MapApp;
				PRODUCT_NAME = "$(TARGET_NAME)";
				SWIFT_VERSION = 5.0;
				TARGETED_DEVICE_FAMILY = "1,2";
			};
			name = Release;
		};
/* End XCBuildConfiguration section */

/* Begin XCConfigurationList section */
		83279E4524AD031400CE3B48 /* Build configuration list for PBXProject "MapApp" */ = {
			isa = XCConfigurationList;
			buildConfigurations = (
				83279E5C24AD031900CE3B48 /* Debug */,
				83279E5D24AD031900CE3B48 /* Release */,
			);
			defaultConfigurationIsVisible = 0;
			defaultConfigurationName = Release;
		};
		83279E5E24AD031900CE3B48 /* Build configuration list for PBXNativeTarget "MapApp" */ = {
			isa = XCConfigurationList;
			buildConfigurations = (
				83279E5F24AD031900CE3B48 /* Debug */,
				83279E6024AD031900CE3B48 /* Release */,
			);
			defaultConfigurationIsVisible = 0;
			defaultConfigurationName = Release;
		};
/* End XCConfigurationList section */
	};
	rootObject = 83279E4224AD031400CE3B48 /* Project object */;
}
